
Microsoft Visual Studio Solution File, Format Version 12.00
# Visual Studio Version 17
VisualStudioVersion = 17.6.33815.320
MinimumVisualStudioVersion = 10.0.40219.1
Project("{FAE04EC0-301F-11D3-BF4B-00C04F79EFBC}") = "Topic 5 - Descision Structues Programs", "Topic 5 - Descision Structues Programs.csproj", "{9106DBD5-B6DD-4409-BAE3-69395CED487A}"
EndProject
Global
	GlobalSection(SolutionConfigurationPlatforms) = preSolution
		Debug|Any CPU = Debug|Any CPU
		Release|Any CPU = Release|Any CPU
	EndGlobalSection
	GlobalSection(ProjectConfigurationPlatforms) = postSolution
		{9106DBD5-B6DD-4409-BAE3-69395CED487A}.Debug|Any CPU.ActiveCfg = Debug|Any CPU
		{9106DBD5-B6DD-4409-BAE3-69395CED487A}.Debug|Any CPU.Build.0 = Debug|Any CPU
		{9106DBD5-B6DD-4409-BAE3-69395CED487A}.Release|Any CPU.ActiveCfg = Release|Any CPU
		{9106DBD5-B6DD-4409-BAE3-69395CED487A}.Release|Any CPU.Build.0 = Release|Any CPU
	EndGlobalSection
	GlobalSection(SolutionProperties) = preSolution
		HideSolutionNode = FALSE
	EndGlobalSection
	GlobalSection(ExtensibilityGlobals) = postSolution
		SolutionGuid = {CCBE7C12-43CF-4FA6-BE5F-9C67A1470D1D}
	EndGlobalSection
EndGlobal
